
Microsoft Visual Studio Solution File, Format Version 12.00
# Visual Studio Version 16
VisualStudioVersion = 16.0.29709.97
MinimumVisualStudioVersion = 10.0.40219.1
Project("{FAE04EC0-301F-11D3-BF4B-00C04F79EFBC}") = "exercise01", "exercise01.csproj", "{C9754074-8E3D-4DD7-AF7E-82C115AB51A9}"
EndProject
Project("{FAE04EC0-301F-11D3-BF4B-00C04F79EFBC}") = "Exercise02", "..\Exercise02\Exercise02.csproj", "{22CF0E02-DFFB-4785-8F02-AABD278EE540}"
EndProject
Project("{FAE04EC0-301F-11D3-BF4B-00C04F79EFBC}") = "Exercise03", "..\Exercise03\Exercise03.csproj", "{0DF1F6AF-6902-44C2-B4E7-05A61A92AFB6}"
EndProject
Global
	GlobalSection(SolutionConfigurationPlatforms) = preSolution
		Debug|Any CPU = Debug|Any CPU
		Release|Any CPU = Release|Any CPU
	EndGlobalSection
	GlobalSection(ProjectConfigurationPlatforms) = postSolution
		{C9754074-8E3D-4DD7-AF7E-82C115AB51A9}.Debug|Any CPU.ActiveCfg = Debug|Any CPU
		{C9754074-8E3D-4DD7-AF7E-82C115AB51A9}.Debug|Any CPU.Build.0 = Debug|Any CPU
		{C9754074-8E3D-4DD7-AF7E-82C115AB51A9}.Release|Any CPU.ActiveCfg = Release|Any CPU
		{C9754074-8E3D-4DD7-AF7E-82C115AB51A9}.Release|Any CPU.Build.0 = Release|Any CPU
		{22CF0E02-DFFB-4785-8F02-AABD278EE540}.Debug|Any CPU.ActiveCfg = Debug|Any CPU
		{22CF0E02-DFFB-4785-8F02-AABD278EE540}.Debug|Any CPU.Build.0 = Debug|Any CPU
		{22CF0E02-DFFB-4785-8F02-AABD278EE540}.Release|Any CPU.ActiveCfg = Release|Any CPU
		{22CF0E02-DFFB-4785-8F02-AABD278EE540}.Release|Any CPU.Build.0 = Release|Any CPU
		{0DF1F6AF-6902-44C2-B4E7-05A61A92AFB6}.Debug|Any CPU.ActiveCfg = Debug|Any CPU
		{0DF1F6AF-6902-44C2-B4E7-05A61A92AFB6}.Debug|Any CPU.Build.0 = Debug|Any CPU
		{0DF1F6AF-6902-44C2-B4E7-05A61A92AFB6}.Release|Any CPU.ActiveCfg = Release|Any CPU
		{0DF1F6AF-6902-44C2-B4E7-05A61A92AFB6}.Release|Any CPU.Build.0 = Release|Any CPU
	EndGlobalSection
	GlobalSection(SolutionProperties) = preSolution
		HideSolutionNode = FALSE
	EndGlobalSection
	GlobalSection(ExtensibilityGlobals) = postSolution
		SolutionGuid = {5E815020-2623-4743-87A5-0A3F81127A6E}
	EndGlobalSection
EndGlobal
