
Microsoft Visual Studio Solution File, Format Version 12.00
# Visual Studio Version 16
VisualStudioVersion = 16.0.29709.97
MinimumVisualStudioVersion = 10.0.40219.1
Project("{FAE04EC0-301F-11D3-BF4B-00C04F79EFBC}") = "Exercise07", "Exercise07.csproj", "{C8E3030E-B208-4689-B8A0-9682E5007488}"
EndProject
Project("{FAE04EC0-301F-11D3-BF4B-00C04F79EFBC}") = "employees", "..\employees\employees.csproj", "{A102C45C-3117-445A-909F-BDEF2F124D74}"
EndProject
Global
	GlobalSection(SolutionConfigurationPlatforms) = preSolution
		Debug|Any CPU = Debug|Any CPU
		Release|Any CPU = Release|Any CPU
	EndGlobalSection
	GlobalSection(ProjectConfigurationPlatforms) = postSolution
		{C8E3030E-B208-4689-B8A0-9682E5007488}.Debug|Any CPU.ActiveCfg = Debug|Any CPU
		{C8E3030E-B208-4689-B8A0-9682E5007488}.Debug|Any CPU.Build.0 = Debug|Any CPU
		{C8E3030E-B208-4689-B8A0-9682E5007488}.Release|Any CPU.ActiveCfg = Release|Any CPU
		{C8E3030E-B208-4689-B8A0-9682E5007488}.Release|Any CPU.Build.0 = Release|Any CPU
		{A102C45C-3117-445A-909F-BDEF2F124D74}.Debug|Any CPU.ActiveCfg = Debug|Any CPU
		{A102C45C-3117-445A-909F-BDEF2F124D74}.Debug|Any CPU.Build.0 = Debug|Any CPU
		{A102C45C-3117-445A-909F-BDEF2F124D74}.Release|Any CPU.ActiveCfg = Release|Any CPU
		{A102C45C-3117-445A-909F-BDEF2F124D74}.Release|Any CPU.Build.0 = Release|Any CPU
	EndGlobalSection
	GlobalSection(SolutionProperties) = preSolution
		HideSolutionNode = FALSE
	EndGlobalSection
	GlobalSection(ExtensibilityGlobals) = postSolution
		SolutionGuid = {11A2BD70-5A69-49E5-97FB-C237044CAE20}
	EndGlobalSection
EndGlobal
